
Microsoft Visual Studio Solution File, Format Version 12.00
# Visual Studio 14
VisualStudioVersion = 14.0.25420.1
MinimumVisualStudioVersion = 10.0.40219.1
Project("{FAE04EC0-301F-11D3-BF4B-00C04F79EFBC}") = "SBW.UI", "SBW_CSSE\SBW.UI.csproj", "{B58A7342-FC57-4796-BB68-EB11BE8CC9CF}"
EndProject
Project("{FAE04EC0-301F-11D3-BF4B-00C04F79EFBC}") = "SBW.Entities", "SBW.Entities\SBW.Entities.csproj", "{D13033D9-50BB-427B-84D5-533FF8EEEC11}"
EndProject
Project("{FAE04EC0-301F-11D3-BF4B-00C04F79EFBC}") = "SBW.DataAccess", "SBW.DataAccess\SBW.DataAccess.csproj", "{D72B4E7F-3964-4C81-BFDB-2DF937D597F7}"
EndProject
Project("{FAE04EC0-301F-11D3-BF4B-00C04F79EFBC}") = "SBW.Services", "SBW.Services\SBW.Services.csproj", "{21B3CF32-C23F-4724-BBF3-881EEC98A4BE}"
EndProject
Project("{FAE04EC0-301F-11D3-BF4B-00C04F79EFBC}") = "SBW.BusinessService", "SBW.BusinessService\SBW.BusinessService.csproj", "{DA88C9E1-6348-44B0-AB06-D25A0C6B4054}"
EndProject
Project("{FAE04EC0-301F-11D3-BF4B-00C04F79EFBC}") = "SBW.Core", "SBW.Core\SBW.Core.csproj", "{C274B9D6-DD6D-48BC-8EF9-0DF4AC42D553}"
EndProject
Project("{FAE04EC0-301F-11D3-BF4B-00C04F79EFBC}") = "SBW.UnitTesting", "SBW.UnitTesting\SBW.UnitTesting.csproj", "{CE015506-C859-4FCE-959B-AC5AE5165EB1}"
EndProject
Global
	GlobalSection(SolutionConfigurationPlatforms) = preSolution
		Debug|Any CPU = Debug|Any CPU
		Debug|ARM = Debug|ARM
		Debug|x64 = Debug|x64
		Debug|x86 = Debug|x86
		Release|Any CPU = Release|Any CPU
		Release|ARM = Release|ARM
		Release|x64 = Release|x64
		Release|x86 = Release|x86
	EndGlobalSection
	GlobalSection(ProjectConfigurationPlatforms) = postSolution
		{B58A7342-FC57-4796-BB68-EB11BE8CC9CF}.Debug|Any CPU.ActiveCfg = Debug|Any CPU
		{B58A7342-FC57-4796-BB68-EB11BE8CC9CF}.Debug|Any CPU.Build.0 = Debug|Any CPU
		{B58A7342-FC57-4796-BB68-EB11BE8CC9CF}.Debug|ARM.ActiveCfg = Debug|Any CPU
		{B58A7342-FC57-4796-BB68-EB11BE8CC9CF}.Debug|ARM.Build.0 = Debug|Any CPU
		{B58A7342-FC57-4796-BB68-EB11BE8CC9CF}.Debug|x64.ActiveCfg = Debug|Any CPU
		{B58A7342-FC57-4796-BB68-EB11BE8CC9CF}.Debug|x64.Build.0 = Debug|Any CPU
		{B58A7342-FC57-4796-BB68-EB11BE8CC9CF}.Debug|x86.ActiveCfg = Debug|Any CPU
		{B58A7342-FC57-4796-BB68-EB11BE8CC9CF}.Debug|x86.Build.0 = Debug|Any CPU
		{B58A7342-FC57-4796-BB68-EB11BE8CC9CF}.Release|Any CPU.ActiveCfg = Release|Any CPU
		{B58A7342-FC57-4796-BB68-EB11BE8CC9CF}.Release|Any CPU.Build.0 = Release|Any CPU
		{B58A7342-FC57-4796-BB68-EB11BE8CC9CF}.Release|ARM.ActiveCfg = Release|Any CPU
		{B58A7342-FC57-4796-BB68-EB11BE8CC9CF}.Release|ARM.Build.0 = Release|Any CPU
		{B58A7342-FC57-4796-BB68-EB11BE8CC9CF}.Release|x64.ActiveCfg = Release|Any CPU
		{B58A7342-FC57-4796-BB68-EB11BE8CC9CF}.Release|x64.Build.0 = Release|Any CPU
		{B58A7342-FC57-4796-BB68-EB11BE8CC9CF}.Release|x86.ActiveCfg = Release|Any CPU
		{B58A7342-FC57-4796-BB68-EB11BE8CC9CF}.Release|x86.Build.0 = Release|Any CPU
		{D13033D9-50BB-427B-84D5-533FF8EEEC11}.Debug|Any CPU.ActiveCfg = Debug|Any CPU
		{D13033D9-50BB-427B-84D5-533FF8EEEC11}.Debug|Any CPU.Build.0 = Debug|Any CPU
		{D13033D9-50BB-427B-84D5-533FF8EEEC11}.Debug|ARM.ActiveCfg = Debug|Any CPU
		{D13033D9-50BB-427B-84D5-533FF8EEEC11}.Debug|ARM.Build.0 = Debug|Any CPU
		{D13033D9-50BB-427B-84D5-533FF8EEEC11}.Debug|x64.ActiveCfg = Debug|Any CPU
		{D13033D9-50BB-427B-84D5-533FF8EEEC11}.Debug|x64.Build.0 = Debug|Any CPU
		{D13033D9-50BB-427B-84D5-533FF8EEEC11}.Debug|x86.ActiveCfg = Debug|Any CPU
		{D13033D9-50BB-427B-84D5-533FF8EEEC11}.Debug|x86.Build.0 = Debug|Any CPU
		{D13033D9-50BB-427B-84D5-533FF8EEEC11}.Release|Any CPU.ActiveCfg = Release|Any CPU
		{D13033D9-50BB-427B-84D5-533FF8EEEC11}.Release|Any CPU.Build.0 = Release|Any CPU
		{D13033D9-50BB-427B-84D5-533FF8EEEC11}.Release|ARM.ActiveCfg = Release|Any CPU
		{D13033D9-50BB-427B-84D5-533FF8EEEC11}.Release|ARM.Build.0 = Release|Any CPU
		{D13033D9-50BB-427B-84D5-533FF8EEEC11}.Release|x64.ActiveCfg = Release|Any CPU
		{D13033D9-50BB-427B-84D5-533FF8EEEC11}.Release|x64.Build.0 = Release|Any CPU
		{D13033D9-50BB-427B-84D5-533FF8EEEC11}.Release|x86.ActiveCfg = Release|Any CPU
		{D13033D9-50BB-427B-84D5-533FF8EEEC11}.Release|x86.Build.0 = Release|Any CPU
		{D72B4E7F-3964-4C81-BFDB-2DF937D597F7}.Debug|Any CPU.ActiveCfg = Debug|Any CPU
		{D72B4E7F-3964-4C81-BFDB-2DF937D597F7}.Debug|Any CPU.Build.0 = Debug|Any CPU
		{D72B4E7F-3964-4C81-BFDB-2DF937D597F7}.Debug|ARM.ActiveCfg = Debug|Any CPU
		{D72B4E7F-3964-4C81-BFDB-2DF937D597F7}.Debug|ARM.Build.0 = Debug|Any CPU
		{D72B4E7F-3964-4C81-BFDB-2DF937D597F7}.Debug|x64.ActiveCfg = Debug|Any CPU
		{D72B4E7F-3964-4C81-BFDB-2DF937D597F7}.Debug|x64.Build.0 = Debug|Any CPU
		{D72B4E7F-3964-4C81-BFDB-2DF937D597F7}.Debug|x86.ActiveCfg = Debug|Any CPU
		{D72B4E7F-3964-4C81-BFDB-2DF937D597F7}.Debug|x86.Build.0 = Debug|Any CPU
		{D72B4E7F-3964-4C81-BFDB-2DF937D597F7}.Release|Any CPU.ActiveCfg = Release|Any CPU
		{D72B4E7F-3964-4C81-BFDB-2DF937D597F7}.Release|Any CPU.Build.0 = Release|Any CPU
		{D72B4E7F-3964-4C81-BFDB-2DF937D597F7}.Release|ARM.ActiveCfg = Release|Any CPU
		{D72B4E7F-3964-4C81-BFDB-2DF937D597F7}.Release|ARM.Build.0 = Release|Any CPU
		{D72B4E7F-3964-4C81-BFDB-2DF937D597F7}.Release|x64.ActiveCfg = Release|Any CPU
		{D72B4E7F-3964-4C81-BFDB-2DF937D597F7}.Release|x64.Build.0 = Release|Any CPU
		{D72B4E7F-3964-4C81-BFDB-2DF937D597F7}.Release|x86.ActiveCfg = Release|Any CPU
		{D72B4E7F-3964-4C81-BFDB-2DF937D597F7}.Release|x86.Build.0 = Release|Any CPU
		{21B3CF32-C23F-4724-BBF3-881EEC98A4BE}.Debug|Any CPU.ActiveCfg = Debug|Any CPU
		{21B3CF32-C23F-4724-BBF3-881EEC98A4BE}.Debug|Any CPU.Build.0 = Debug|Any CPU
		{21B3CF32-C23F-4724-BBF3-881EEC98A4BE}.Debug|ARM.ActiveCfg = Debug|Any CPU
		{21B3CF32-C23F-4724-BBF3-881EEC98A4BE}.Debug|ARM.Build.0 = Debug|Any CPU
		{21B3CF32-C23F-4724-BBF3-881EEC98A4BE}.Debug|x64.ActiveCfg = Debug|Any CPU
		{21B3CF32-C23F-4724-BBF3-881EEC98A4BE}.Debug|x64.Build.0 = Debug|Any CPU
		{21B3CF32-C23F-4724-BBF3-881EEC98A4BE}.Debug|x86.ActiveCfg = Debug|Any CPU
		{21B3CF32-C23F-4724-BBF3-881EEC98A4BE}.Debug|x86.Build.0 = Debug|Any CPU
		{21B3CF32-C23F-4724-BBF3-881EEC98A4BE}.Release|Any CPU.ActiveCfg = Release|Any CPU
		{21B3CF32-C23F-4724-BBF3-881EEC98A4BE}.Release|Any CPU.Build.0 = Release|Any CPU
		{21B3CF32-C23F-4724-BBF3-881EEC98A4BE}.Release|ARM.ActiveCfg = Release|Any CPU
		{21B3CF32-C23F-4724-BBF3-881EEC98A4BE}.Release|ARM.Build.0 = Release|Any CPU
		{21B3CF32-C23F-4724-BBF3-881EEC98A4BE}.Release|x64.ActiveCfg = Release|Any CPU
		{21B3CF32-C23F-4724-BBF3-881EEC98A4BE}.Release|x64.Build.0 = Release|Any CPU
		{21B3CF32-C23F-4724-BBF3-881EEC98A4BE}.Release|x86.ActiveCfg = Release|Any CPU
		{21B3CF32-C23F-4724-BBF3-881EEC98A4BE}.Release|x86.Build.0 = Release|Any CPU
		{DA88C9E1-6348-44B0-AB06-D25A0C6B4054}.Debug|Any CPU.ActiveCfg = Debug|Any CPU
		{DA88C9E1-6348-44B0-AB06-D25A0C6B4054}.Debug|Any CPU.Build.0 = Debug|Any CPU
		{DA88C9E1-6348-44B0-AB06-D25A0C6B4054}.Debug|ARM.ActiveCfg = Debug|Any CPU
		{DA88C9E1-6348-44B0-AB06-D25A0C6B4054}.Debug|ARM.Build.0 = Debug|Any CPU
		{DA88C9E1-6348-44B0-AB06-D25A0C6B4054}.Debug|x64.ActiveCfg = Debug|Any CPU
		{DA88C9E1-6348-44B0-AB06-D25A0C6B4054}.Debug|x64.Build.0 = Debug|Any CPU
		{DA88C9E1-6348-44B0-AB06-D25A0C6B4054}.Debug|x86.ActiveCfg = Debug|Any CPU
		{DA88C9E1-6348-44B0-AB06-D25A0C6B4054}.Debug|x86.Build.0 = Debug|Any CPU
		{DA88C9E1-6348-44B0-AB06-D25A0C6B4054}.Release|Any CPU.ActiveCfg = Release|Any CPU
		{DA88C9E1-6348-44B0-AB06-D25A0C6B4054}.Release|Any CPU.Build.0 = Release|Any CPU
		{DA88C9E1-6348-44B0-AB06-D25A0C6B4054}.Release|ARM.ActiveCfg = Release|Any CPU
		{DA88C9E1-6348-44B0-AB06-D25A0C6B4054}.Release|ARM.Build.0 = Release|Any CPU
		{DA88C9E1-6348-44B0-AB06-D25A0C6B4054}.Release|x64.ActiveCfg = Release|Any CPU
		{DA88C9E1-6348-44B0-AB06-D25A0C6B4054}.Release|x64.Build.0 = Release|Any CPU
		{DA88C9E1-6348-44B0-AB06-D25A0C6B4054}.Release|x86.ActiveCfg = Release|Any CPU
		{DA88C9E1-6348-44B0-AB06-D25A0C6B4054}.Release|x86.Build.0 = Release|Any CPU
		{C274B9D6-DD6D-48BC-8EF9-0DF4AC42D553}.Debug|Any CPU.ActiveCfg = Debug|Any CPU
		{C274B9D6-DD6D-48BC-8EF9-0DF4AC42D553}.Debug|Any CPU.Build.0 = Debug|Any CPU
		{C274B9D6-DD6D-48BC-8EF9-0DF4AC42D553}.Debug|ARM.ActiveCfg = Debug|Any CPU
		{C274B9D6-DD6D-48BC-8EF9-0DF4AC42D553}.Debug|ARM.Build.0 = Debug|Any CPU
		{C274B9D6-DD6D-48BC-8EF9-0DF4AC42D553}.Debug|x64.ActiveCfg = Debug|Any CPU
		{C274B9D6-DD6D-48BC-8EF9-0DF4AC42D553}.Debug|x64.Build.0 = Debug|Any CPU
		{C274B9D6-DD6D-48BC-8EF9-0DF4AC42D553}.Debug|x86.ActiveCfg = Debug|Any CPU
		{C274B9D6-DD6D-48BC-8EF9-0DF4AC42D553}.Debug|x86.Build.0 = Debug|Any CPU
		{C274B9D6-DD6D-48BC-8EF9-0DF4AC42D553}.Release|Any CPU.ActiveCfg = Release|Any CPU
		{C274B9D6-DD6D-48BC-8EF9-0DF4AC42D553}.Release|Any CPU.Build.0 = Release|Any CPU
		{C274B9D6-DD6D-48BC-8EF9-0DF4AC42D553}.Release|ARM.ActiveCfg = Release|Any CPU
		{C274B9D6-DD6D-48BC-8EF9-0DF4AC42D553}.Release|ARM.Build.0 = Release|Any CPU
		{C274B9D6-DD6D-48BC-8EF9-0DF4AC42D553}.Release|x64.ActiveCfg = Release|Any CPU
		{C274B9D6-DD6D-48BC-8EF9-0DF4AC42D553}.Release|x64.Build.0 = Release|Any CPU
		{C274B9D6-DD6D-48BC-8EF9-0DF4AC42D553}.Release|x86.ActiveCfg = Release|Any CPU
		{C274B9D6-DD6D-48BC-8EF9-0DF4AC42D553}.Release|x86.Build.0 = Release|Any CPU
		{CE015506-C859-4FCE-959B-AC5AE5165EB1}.Debug|Any CPU.ActiveCfg = Debug|Any CPU
		{CE015506-C859-4FCE-959B-AC5AE5165EB1}.Debug|Any CPU.Build.0 = Debug|Any CPU
		{CE015506-C859-4FCE-959B-AC5AE5165EB1}.Debug|ARM.ActiveCfg = Debug|Any CPU
		{CE015506-C859-4FCE-959B-AC5AE5165EB1}.Debug|ARM.Build.0 = Debug|Any CPU
		{CE015506-C859-4FCE-959B-AC5AE5165EB1}.Debug|x64.ActiveCfg = Debug|Any CPU
		{CE015506-C859-4FCE-959B-AC5AE5165EB1}.Debug|x64.Build.0 = Debug|Any CPU
		{CE015506-C859-4FCE-959B-AC5AE5165EB1}.Debug|x86.ActiveCfg = Debug|Any CPU
		{CE015506-C859-4FCE-959B-AC5AE5165EB1}.Debug|x86.Build.0 = Debug|Any CPU
		{CE015506-C859-4FCE-959B-AC5AE5165EB1}.Release|Any CPU.ActiveCfg = Release|Any CPU
		{CE015506-C859-4FCE-959B-AC5AE5165EB1}.Release|Any CPU.Build.0 = Release|Any CPU
		{CE015506-C859-4FCE-959B-AC5AE5165EB1}.Release|ARM.ActiveCfg = Release|Any CPU
		{CE015506-C859-4FCE-959B-AC5AE5165EB1}.Release|ARM.Build.0 = Release|Any CPU
		{CE015506-C859-4FCE-959B-AC5AE5165EB1}.Release|x64.ActiveCfg = Release|Any CPU
		{CE015506-C859-4FCE-959B-AC5AE5165EB1}.Release|x64.Build.0 = Release|Any CPU
		{CE015506-C859-4FCE-959B-AC5AE5165EB1}.Release|x86.ActiveCfg = Release|Any CPU
		{CE015506-C859-4FCE-959B-AC5AE5165EB1}.Release|x86.Build.0 = Release|Any CPU
	EndGlobalSection
	GlobalSection(SolutionProperties) = preSolution
		HideSolutionNode = FALSE
	EndGlobalSection
	GlobalSection(ExtensibilityGlobals) = postSolution
		SolutionGuid = {05757F13-1029-48FD-8761-0A7078818E8F}
	EndGlobalSection
EndGlobal
